PODS:
  - GGXSwiftExtension (0.5.5)
  - GXSwiftRouter (0.2.2):
    - GGXSwiftExtension
    - SmartCodable
  - SmartCodable (4.3.7)

DEPENDENCIES:
  - GXSwiftRouter (from `../`)

SPEC REPOS:
  trunk:
    - GGXSwiftExtension
    - SmartCodable

EXTERNAL SOURCES:
  GXSwiftRouter:
    :path: "../"

SPEC CHECKSUMS:
  GGXSwiftExtension: 5a7e70c20be64f4f1cf02c063adcb76e1d2f8bcb
  GXSwiftRouter: c41430890a792509d2065a8d025cfc23ef38a590
  SmartCodable: 56babd0a912588ce299f2d0799633126f4c427c2

PODFILE CHECKSUM: 506647e3243e12b73c3a223f8c82647d07376e1c

COCOAPODS: 1.16.2
